// !$*UTF8*$!
{
	archiveVersion = 1;
	classes = {
	};
	objectVersion = 56;
	objects = {

/* Begin PBXBuildFile section */
		6647B957C0BCE26BFBFC83FE /* AppModel.swift in Sources */ = {isa = PBXBuildFile; fileRef = 27927D1388C59A5DC763B302 /* AppModel.swift */; };
		C4A6E28BDBA0E7D677A45D63 /* BrandHeader.swift in Sources */ = {isa = PBXBuildFile; fileRef = 02C8E06858619EFA7A9CF5B8 /* BrandHeader.swift */; };
		BF53B48278F04C9E0D853E4B /* JourneyScript.swift in Sources */ = {isa = PBXBuildFile; fileRef = 2DF21C04AEC701EA053DEA60 /* JourneyScript.swift */; };
		19C6CE31FB2D8E537B1BDCB3 /* L10n.swift in Sources */ = {isa = PBXBuildFile; fileRef = 0170DD6474294BDF742BBD67 /* L10n.swift */; };
		3E6C5F04B632AF3A7952591F /* PillTabBar.swift in Sources */ = {isa = PBXBuildFile; fileRef = 2018F6AE188112D3CC12E9F6 /* PillTabBar.swift */; };
		6E5ADF97B74568D5E0C965A2 /* RootView.swift in Sources */ = {isa = PBXBuildFile; fileRef = CA409AFF0FC77AF938B953A7 /* RootView.swift */; };
		CE616C6B4D5D2068A1642076 /* Theme.swift in Sources */ = {isa = PBXBuildFile; fileRef = 9145F1283898D08989291CB4 /* Theme.swift */; };
		D0B4ABE93A94AFB4D34805AD /* CycleView.swift in Sources */ = {isa = PBXBuildFile; fileRef = 34CEE44C477C58BF767BCCEE /* CycleView.swift */; };
		25BA13B021161251A8ACBEFB /* MedLaneBuilder.swift in Sources */ = {isa = PBXBuildFile; fileRef = F7B9D060F9B8EE53D5D97E4B /* MedLaneBuilder.swift */; };
		B7A83DBE76859D6EDE7B3D64 /* MonthView.swift in Sources */ = {isa = PBXBuildFile; fileRef = E74D1E1A69E41303158AB133 /* MonthView.swift */; };
		509CD2A2375F2202BAEAB82B /* MoreView.swift in Sources */ = {isa = PBXBuildFile; fileRef = 827B3968E8F819815BE355EA /* MoreView.swift */; };
		ACE731121577B9A356303D1A /* DialogChrome.swift in Sources */ = {isa = PBXBuildFile; fileRef = 957780ADFD525A78BAA2F7CF /* DialogChrome.swift */; };
		A3BF8EE754B32E7A83CFF1FA /* MedicationSheet.swift in Sources */ = {isa = PBXBuildFile; fileRef = CC42B0521A38FAFA0600F88F /* MedicationSheet.swift */; };
		191D068297152535C4CA5882 /* PeriodSheet.swift in Sources */ = {isa = PBXBuildFile; fileRef = 8DEAA21B9CF78DED821F85E1 /* PeriodSheet.swift */; };
		2C56FB283D62A33876125918 /* SymptomSheet.swift in Sources */ = {isa = PBXBuildFile; fileRef = E513A79F63BD278DB55A330A /* SymptomSheet.swift */; };
		9489A223207A7957115CE59C /* PeriMediApp.swift in Sources */ = {isa = PBXBuildFile; fileRef = D0D9131837546C57FD9CA660 /* PeriMediApp.swift */; };
		B250661E90C3E1F193AAA0F2 /* PersistenceController.swift in Sources */ = {isa = PBXBuildFile; fileRef = C8B279B8626D85DDE344D5BD /* PersistenceController.swift */; };
		55530328B1463F9426C1E1C4 /* Store.swift in Sources */ = {isa = PBXBuildFile; fileRef = 273071412F3FD8A6AF5E659A /* Store.swift */; };
		085CBEE1AE5E4CA5F3E586D2 /* SwiftDataModels.swift in Sources */ = {isa = PBXBuildFile; fileRef = F3E752EEE4852DFA70749080 /* SwiftDataModels.swift */; };
		FB90684E69A6C96ED866993E /* Assets.xcassets in Resources */ = {isa = PBXBuildFile; fileRef = E9DCABA0F941C89A68E28B8A /* Assets.xcassets */; };
		415FB8DAD912F1C8A212C22F /* Localizable.xcstrings in Resources */ = {isa = PBXBuildFile; fileRef = 98AD7DC53BBE76EDDE8D2D49 /* Localizable.xcstrings */; };
		9A0984188720DF949837D929 /* PeriMediDomain in Frameworks */ = {isa = PBXBuildFile; productRef = C81CD5F22406E4B780AC870D /* PeriMediDomain */; };
/* End PBXBuildFile section */

/* Begin PBXFileReference section */
		595C479D7AC91F29089D5228 /* PeriMedi.app */ = {isa = PBXFileReference; explicitFileType = wrapper.application; includeInIndex = 0; path = PeriMedi.app; sourceTree = BUILT_PRODUCTS_DIR; };
		E9DCABA0F941C89A68E28B8A /* Assets.xcassets */ = {isa = PBXFileReference; lastKnownFileType = folder.assetcatalog; path = Resources/Assets.xcassets; sourceTree = "<group>"; };
		98AD7DC53BBE76EDDE8D2D49 /* Localizable.xcstrings */ = {isa = PBXFileReference; lastKnownFileType = text.json.xcstrings; path = Resources/Localizable.xcstrings; sourceTree = "<group>"; };
		1915255412EEC1C3CD565CF7 /* PeriMedi.entitlements */ = {isa = PBXFileReference; lastKnownFileType = text.plist.entitlements; path = Resources/PeriMedi.entitlements; sourceTree = "<group>"; };
		990E084BF113A332AB37F063 /* Info.plist */ = {isa = PBXFileReference; lastKnownFileType = text.plist.xml; path = Resources/Info.plist; sourceTree = "<group>"; };
		27927D1388C59A5DC763B302 /* App/AppModel.swift */ = {isa = PBXFileReference; lastKnownFileType = sourcecode.swift; path = App/AppModel.swift; sourceTree = "<group>"; };
		02C8E06858619EFA7A9CF5B8 /* App/BrandHeader.swift */ = {isa = PBXFileReference; lastKnownFileType = sourcecode.swift; path = App/BrandHeader.swift; sourceTree = "<group>"; };
		2DF21C04AEC701EA053DEA60 /* App/JourneyScript.swift */ = {isa = PBXFileReference; lastKnownFileType = sourcecode.swift; path = App/JourneyScript.swift; sourceTree = "<group>"; };
		0170DD6474294BDF742BBD67 /* App/L10n.swift */ = {isa = PBXFileReference; lastKnownFileType = sourcecode.swift; path = App/L10n.swift; sourceTree = "<group>"; };
		2018F6AE188112D3CC12E9F6 /* App/PillTabBar.swift */ = {isa = PBXFileReference; lastKnownFileType = sourcecode.swift; path = App/PillTabBar.swift; sourceTree = "<group>"; };
		CA409AFF0FC77AF938B953A7 /* App/RootView.swift */ = {isa = PBXFileReference; lastKnownFileType = sourcecode.swift; path = App/RootView.swift; sourceTree = "<group>"; };
		9145F1283898D08989291CB4 /* App/Theme.swift */ = {isa = PBXFileReference; lastKnownFileType = sourcecode.swift; path = App/Theme.swift; sourceTree = "<group>"; };
		34CEE44C477C58BF767BCCEE /* Features/Cycle/CycleView.swift */ = {isa = PBXFileReference; lastKnownFileType = sourcecode.swift; path = Features/Cycle/CycleView.swift; sourceTree = "<group>"; };
		F7B9D060F9B8EE53D5D97E4B /* Features/Cycle/MedLaneBuilder.swift */ = {isa = PBXFileReference; lastKnownFileType = sourcecode.swift; path = Features/Cycle/MedLaneBuilder.swift; sourceTree = "<group>"; };
		E74D1E1A69E41303158AB133 /* Features/Month/MonthView.swift */ = {isa = PBXFileReference; lastKnownFileType = sourcecode.swift; path = Features/Month/MonthView.swift; sourceTree = "<group>"; };
		827B3968E8F819815BE355EA /* Features/More/MoreView.swift */ = {isa = PBXFileReference; lastKnownFileType = sourcecode.swift; path = Features/More/MoreView.swift; sourceTree = "<group>"; };
		957780ADFD525A78BAA2F7CF /* Features/Sheets/DialogChrome.swift */ = {isa = PBXFileReference; lastKnownFileType = sourcecode.swift; path = Features/Sheets/DialogChrome.swift; sourceTree = "<group>"; };
		CC42B0521A38FAFA0600F88F /* Features/Sheets/MedicationSheet.swift */ = {isa = PBXFileReference; lastKnownFileType = sourcecode.swift; path = Features/Sheets/MedicationSheet.swift; sourceTree = "<group>"; };
		8DEAA21B9CF78DED821F85E1 /* Features/Sheets/PeriodSheet.swift */ = {isa = PBXFileReference; lastKnownFileType = sourcecode.swift; path = Features/Sheets/PeriodSheet.swift; sourceTree = "<group>"; };
		E513A79F63BD278DB55A330A /* Features/Sheets/SymptomSheet.swift */ = {isa = PBXFileReference; lastKnownFileType = sourcecode.swift; path = Features/Sheets/SymptomSheet.swift; sourceTree = "<group>"; };
		D0D9131837546C57FD9CA660 /* PeriMediApp.swift */ = {isa = PBXFileReference; lastKnownFileType = sourcecode.swift; path = PeriMediApp.swift; sourceTree = "<group>"; };
		C8B279B8626D85DDE344D5BD /* Persistence/PersistenceController.swift */ = {isa = PBXFileReference; lastKnownFileType = sourcecode.swift; path = Persistence/PersistenceController.swift; sourceTree = "<group>"; };
		273071412F3FD8A6AF5E659A /* Persistence/Store.swift */ = {isa = PBXFileReference; lastKnownFileType = sourcecode.swift; path = Persistence/Store.swift; sourceTree = "<group>"; };
		F3E752EEE4852DFA70749080 /* Persistence/SwiftDataModels.swift */ = {isa = PBXFileReference; lastKnownFileType = sourcecode.swift; path = Persistence/SwiftDataModels.swift; sourceTree = "<group>"; };
/* End PBXFileReference section */

/* Begin PBXFrameworksBuildPhase section */
		E941DA8187B32B086A8E8098 /* Frameworks */ = {
			isa = PBXFrameworksBuildPhase;
			buildActionMask = 2147483647;
			files = (
				9A0984188720DF949837D929 /* PeriMediDomain in Frameworks */,
			);
			runOnlyForDeploymentPostprocessing = 0;
		};
/* End PBXFrameworksBuildPhase section */

/* Begin PBXGroup section */
		BDE88D77EBDC01774960BE71 = {
			isa = PBXGroup;
			children = (
				4B48653AF5A0B20C6ED00351 /* PeriMedi */,
				4FDE57E4B72FFCEE306CEB0F /* Products */,
			);
			sourceTree = "<group>";
		};
		4B48653AF5A0B20C6ED00351 /* PeriMedi */ = {
			isa = PBXGroup;
			children = (
				E9DCABA0F941C89A68E28B8A /* Assets.xcassets */,
				98AD7DC53BBE76EDDE8D2D49 /* Localizable.xcstrings */,
				1915255412EEC1C3CD565CF7 /* PeriMedi.entitlements */,
				990E084BF113A332AB37F063 /* Info.plist */,
				27927D1388C59A5DC763B302 /* App/AppModel.swift */,
				02C8E06858619EFA7A9CF5B8 /* App/BrandHeader.swift */,
				2DF21C04AEC701EA053DEA60 /* App/JourneyScript.swift */,
				0170DD6474294BDF742BBD67 /* App/L10n.swift */,
				2018F6AE188112D3CC12E9F6 /* App/PillTabBar.swift */,
				CA409AFF0FC77AF938B953A7 /* App/RootView.swift */,
				9145F1283898D08989291CB4 /* App/Theme.swift */,
				34CEE44C477C58BF767BCCEE /* Features/Cycle/CycleView.swift */,
				F7B9D060F9B8EE53D5D97E4B /* Features/Cycle/MedLaneBuilder.swift */,
				E74D1E1A69E41303158AB133 /* Features/Month/MonthView.swift */,
				827B3968E8F819815BE355EA /* Features/More/MoreView.swift */,
				957780ADFD525A78BAA2F7CF /* Features/Sheets/DialogChrome.swift */,
				CC42B0521A38FAFA0600F88F /* Features/Sheets/MedicationSheet.swift */,
				8DEAA21B9CF78DED821F85E1 /* Features/Sheets/PeriodSheet.swift */,
				E513A79F63BD278DB55A330A /* Features/Sheets/SymptomSheet.swift */,
				D0D9131837546C57FD9CA660 /* PeriMediApp.swift */,
				C8B279B8626D85DDE344D5BD /* Persistence/PersistenceController.swift */,
				273071412F3FD8A6AF5E659A /* Persistence/Store.swift */,
				F3E752EEE4852DFA70749080 /* Persistence/SwiftDataModels.swift */,
			);
			path = PeriMedi;
			sourceTree = "<group>";
		};
		4FDE57E4B72FFCEE306CEB0F /* Products */ = {
			isa = PBXGroup;
			children = (
				595C479D7AC91F29089D5228 /* PeriMedi.app */,
			);
			name = Products;
			sourceTree = "<group>";
		};
		A024F06580C79B7582C3806A /* Resources */ = {
			isa = PBXGroup;
			children = (
			);
			name = Resources;
			sourceTree = "<group>";
		};
/* End PBXGroup section */

/* Begin PBXNativeTarget section */
		CCD1BDFE40AA20836710EC01 /* PeriMedi */ = {
			isa = PBXNativeTarget;
			buildConfigurationList = FB1F54659DEE0710C6C03466 /* Build configuration list for PBXNativeTarget "PeriMedi" */;
			buildPhases = (
				5B1B2B2ECB524BA8C71F3188 /* Sources */,
				E941DA8187B32B086A8E8098 /* Frameworks */,
				C5926192950FAB508AE8C163 /* Resources */,
			);
			buildRules = (
			);
			dependencies = (
			);
			name = PeriMedi;
			packageProductDependencies = (
				C81CD5F22406E4B780AC870D /* PeriMediDomain */,
			);
			productName = PeriMedi;
			productReference = 595C479D7AC91F29089D5228 /* PeriMedi.app */;
			productType = "com.apple.product-type.application";
		};
/* End PBXNativeTarget section */

/* Begin PBXProject section */
		98F54143AB4E86B28C3AFEE0 /* Project object */ = {
			isa = PBXProject;
			attributes = {
				BuildIndependentTargetsInParallel = 1;
				LastSwiftUpdateCheck = 2600;
				LastUpgradeCheck = 2600;
			};
			buildConfigurationList = FFD9230DD9EB4153279DD4D9 /* Build configuration list for PBXProject "PeriMedi" */;
			compatibilityVersion = "Xcode 14.0";
			developmentRegion = en;
			hasScannedForEncodings = 0;
			knownRegions = (
				en,
				de,
				Base,
			);
			mainGroup = BDE88D77EBDC01774960BE71;
			packageReferences = (
				0B2C5848BF186D63E30F5575 /* XCLocalSwiftPackageReference "." */,
			);
			productRefGroup = 4FDE57E4B72FFCEE306CEB0F /* Products */;
			projectDirPath = "";
			projectRoot = "";
			targets = (
				CCD1BDFE40AA20836710EC01 /* PeriMedi */,
			);
		};
/* End PBXProject section */

/* Begin PBXResourcesBuildPhase section */
		C5926192950FAB508AE8C163 /* Resources */ = {
			isa = PBXResourcesBuildPhase;
			buildActionMask = 2147483647;
			files = (
				FB90684E69A6C96ED866993E /* Assets.xcassets in Resources */,
				415FB8DAD912F1C8A212C22F /* Localizable.xcstrings in Resources */,
			);
			runOnlyForDeploymentPostprocessing = 0;
		};
/* End PBXResourcesBuildPhase section */

/* Begin PBXSourcesBuildPhase section */
		5B1B2B2ECB524BA8C71F3188 /* Sources */ = {
			isa = PBXSourcesBuildPhase;
			buildActionMask = 2147483647;
			files = (
				6647B957C0BCE26BFBFC83FE /* AppModel.swift in Sources */,
				C4A6E28BDBA0E7D677A45D63 /* BrandHeader.swift in Sources */,
				BF53B48278F04C9E0D853E4B /* JourneyScript.swift in Sources */,
				19C6CE31FB2D8E537B1BDCB3 /* L10n.swift in Sources */,
				3E6C5F04B632AF3A7952591F /* PillTabBar.swift in Sources */,
				6E5ADF97B74568D5E0C965A2 /* RootView.swift in Sources */,
				CE616C6B4D5D2068A1642076 /* Theme.swift in Sources */,
				D0B4ABE93A94AFB4D34805AD /* CycleView.swift in Sources */,
				25BA13B021161251A8ACBEFB /* MedLaneBuilder.swift in Sources */,
				B7A83DBE76859D6EDE7B3D64 /* MonthView.swift in Sources */,
				509CD2A2375F2202BAEAB82B /* MoreView.swift in Sources */,
				ACE731121577B9A356303D1A /* DialogChrome.swift in Sources */,
				A3BF8EE754B32E7A83CFF1FA /* MedicationSheet.swift in Sources */,
				191D068297152535C4CA5882 /* PeriodSheet.swift in Sources */,
				2C56FB283D62A33876125918 /* SymptomSheet.swift in Sources */,
				9489A223207A7957115CE59C /* PeriMediApp.swift in Sources */,
				B250661E90C3E1F193AAA0F2 /* PersistenceController.swift in Sources */,
				55530328B1463F9426C1E1C4 /* Store.swift in Sources */,
				085CBEE1AE5E4CA5F3E586D2 /* SwiftDataModels.swift in Sources */,
			);
			runOnlyForDeploymentPostprocessing = 0;
		};
/* End PBXSourcesBuildPhase section */

/* Begin XCBuildConfiguration section */
		450951E7B3806B5445670F4E /* Debug */ = {
			isa = XCBuildConfiguration;
			buildSettings = {
				ALWAYS_SEARCH_USER_PATHS = NO;
				CLANG_ENABLE_MODULES = YES;
				CLANG_ENABLE_OBJC_ARC = YES;
				COPY_PHASE_STRIP = NO;
				DEBUG_INFORMATION_FORMAT = dwarf;
				ENABLE_TESTABILITY = YES;
				GCC_DYNAMIC_NO_PIC = NO;
				GCC_OPTIMIZATION_LEVEL = 0;
				IPHONEOS_DEPLOYMENT_TARGET = 17.0;
				ONLY_ACTIVE_ARCH = YES;
				SDKROOT = iphoneos;
				SWIFT_ACTIVE_COMPILATION_CONDITIONS = DEBUG;
				SWIFT_OPTIMIZATION_LEVEL = "-Onone";
				SWIFT_VERSION = 5.0;
			};
			name = Debug;
		};
		F7BBBFB52B8BC99183A44494 /* Release */ = {
			isa = XCBuildConfiguration;
			buildSettings = {
				ALWAYS_SEARCH_USER_PATHS = NO;
				CLANG_ENABLE_MODULES = YES;
				CLANG_ENABLE_OBJC_ARC = YES;
				COPY_PHASE_STRIP = NO;
				DEBUG_INFORMATION_FORMAT = "dwarf-with-dsym";
				IPHONEOS_DEPLOYMENT_TARGET = 17.0;
				SDKROOT = iphoneos;
				SWIFT_COMPILATION_MODE = wholemodule;
				SWIFT_VERSION = 5.0;
				VALIDATE_PRODUCT = YES;
			};
			name = Release;
		};
		3CE888AAFF1B8F44F68AECB5 /* Debug */ = {
			isa = XCBuildConfiguration;
			buildSettings = {
				ASSETCATALOG_COMPILER_APPICON_NAME = AppIcon;
				CODE_SIGNING_ALLOWED = NO;
				CODE_SIGNING_REQUIRED = NO;
				CODE_SIGN_STYLE = Manual;
				CURRENT_PROJECT_VERSION = 1;
				GENERATE_INFOPLIST_FILE = NO;
				INFOPLIST_FILE = PeriMedi/Resources/Info.plist;
				IPHONEOS_DEPLOYMENT_TARGET = 17.0;
				LD_RUNPATH_SEARCH_PATHS = "$(inherited) @executable_path/Frameworks";
				MARKETING_VERSION = 1.0;
				PRODUCT_BUNDLE_IDENTIFIER = app.perimedi.ios;
				PRODUCT_NAME = "$(TARGET_NAME)";
				SDKROOT = iphoneos;
				SUPPORTED_PLATFORMS = "iphoneos iphonesimulator";
				SUPPORTS_MACCATALYST = NO;
				SWIFT_EMIT_LOC_STRINGS = YES;
				SWIFT_VERSION = 5.0;
				TARGETED_DEVICE_FAMILY = 1;
			};
			name = Debug;
		};
		6EBE38A2484C0DDE3DABC0C5 /* Release */ = {
			isa = XCBuildConfiguration;
			buildSettings = {
				ASSETCATALOG_COMPILER_APPICON_NAME = AppIcon;
				CODE_SIGNING_ALLOWED = NO;
				CODE_SIGNING_REQUIRED = NO;
				CODE_SIGN_STYLE = Manual;
				CURRENT_PROJECT_VERSION = 1;
				GENERATE_INFOPLIST_FILE = NO;
				INFOPLIST_FILE = PeriMedi/Resources/Info.plist;
				IPHONEOS_DEPLOYMENT_TARGET = 17.0;
				LD_RUNPATH_SEARCH_PATHS = "$(inherited) @executable_path/Frameworks";
				MARKETING_VERSION = 1.0;
				PRODUCT_BUNDLE_IDENTIFIER = app.perimedi.ios;
				PRODUCT_NAME = "$(TARGET_NAME)";
				SDKROOT = iphoneos;
				SUPPORTED_PLATFORMS = "iphoneos iphonesimulator";
				SUPPORTS_MACCATALYST = NO;
				SWIFT_EMIT_LOC_STRINGS = YES;
				SWIFT_VERSION = 5.0;
				TARGETED_DEVICE_FAMILY = 1;
			};
			name = Release;
		};
/* End XCBuildConfiguration section */

/* Begin XCConfigurationList section */
		FFD9230DD9EB4153279DD4D9 /* Build configuration list for PBXProject "PeriMedi" */ = {
			isa = XCConfigurationList;
			buildConfigurations = (
				450951E7B3806B5445670F4E /* Debug */,
				F7BBBFB52B8BC99183A44494 /* Release */,
			);
			defaultConfigurationIsVisible = 0;
			defaultConfigurationName = Release;
		};
		FB1F54659DEE0710C6C03466 /* Build configuration list for PBXNativeTarget "PeriMedi" */ = {
			isa = XCConfigurationList;
			buildConfigurations = (
				3CE888AAFF1B8F44F68AECB5 /* Debug */,
				6EBE38A2484C0DDE3DABC0C5 /* Release */,
			);
			defaultConfigurationIsVisible = 0;
			defaultConfigurationName = Release;
		};
/* End XCConfigurationList section */

/* Begin XCLocalSwiftPackageReference section */
		0B2C5848BF186D63E30F5575 /* XCLocalSwiftPackageReference "." */ = {
			isa = XCLocalSwiftPackageReference;
			relativePath = .;
		};
/* End XCLocalSwiftPackageReference section */

/* Begin XCSwiftPackageProductDependency section */
		C81CD5F22406E4B780AC870D /* PeriMediDomain */ = {
			isa = XCSwiftPackageProductDependency;
			package = 0B2C5848BF186D63E30F5575 /* XCLocalSwiftPackageReference "." */;
			productName = PeriMediDomain;
		};
/* End XCSwiftPackageProductDependency section */
	};
	rootObject = 98F54143AB4E86B28C3AFEE0 /* Project object */;
}
